
Microsoft Visual Studio Solution File, Format Version 12.00
# Visual Studio Version 16
VisualStudioVersion = 16.0.29306.81
MinimumVisualStudioVersion = 10.0.40219.1
Project("{9A19103F-16F7-4668-BE54-9A1E7A4F7556}") = "JexusManager", "JexusManager\JexusManager.csproj", "{5203A38D-6A1D-4785-8E83-54081AD2ADAA}"
EndProject
Project("{2150E333-8FDC-42A3-9474-1A3956D46DE8}") = ".nuget", ".nuget", "{1CD001BD-53C3-4A20-9CE4-6C69BDCFD393}"
EndProject
Project("{9A19103F-16F7-4668-BE54-9A1E7A4F7556}") = "Microsoft.Web.Management", "Microsoft.Web.Management\Microsoft.Web.Management.csproj", "{17E994B0-5A31-4F79-9796-83A45E87853D}"
EndProject
Project("{9A19103F-16F7-4668-BE54-9A1E7A4F7556}") = "Microsoft.Web.Configuration.AppHostFileProvider", "Microsoft.Web.Configuration.AppHostFileProvider\Microsoft.Web.Configuration.AppHostFileProvider.csproj", "{E4DAB2F5-AF63-413C-886A-09BC4353ADB6}"
EndProject
Project("{2150E333-8FDC-42A3-9474-1A3956D46DE8}") = "Controls", "Controls", "{678654EE-C2A2-49A5-ACE3-ECB31288C2F7}"
EndProject
Project("{FAE04EC0-301F-11D3-BF4B-00C04F79EFBC}") = "CheckBoxComboBox", "lib\CheckBoxComboBox\CheckBoxComboBox.csproj", "{70A25201-8EA4-48F8-A4A6-ED13ADF8823C}"
EndProject
Project("{9A19103F-16F7-4668-BE54-9A1E7A4F7556}") = "CertificateInstaller", "CertificateInstaller\CertificateInstaller.csproj", "{54BEC09A-B32F-4A66-A871-749E0621D822}"
EndProject
Project("{9A19103F-16F7-4668-BE54-9A1E7A4F7556}") = "Tests.JexusManager", "Tests.JexusManager\Tests.JexusManager.csproj", "{AEF03715-1847-4BA7-BFDC-7D3E738E552C}"
EndProject
Project("{9A19103F-16F7-4668-BE54-9A1E7A4F7556}") = "JexusManager.Shared", "JexusManager.Shared\JexusManager.Shared.csproj", "{E4040A45-B156-4048-B1A4-BD262BA18047}"
EndProject
Project("{9A19103F-16F7-4668-BE54-9A1E7A4F7556}") = "JexusManager.Features.Access", "JexusManager.Features.Access\JexusManager.Features.Access.csproj", "{B756B3A0-CFC8-4E71-A95A-0E9DC2A8D0C9}"
EndProject
Project("{2150E333-8FDC-42A3-9474-1A3956D46DE8}") = "Features", "Features", "{02EA3ED9-4B28-4CD2-9461-00111A75D6F7}"
EndProject
Project("{9A19103F-16F7-4668-BE54-9A1E7A4F7556}") = "JexusManager.Features.Authentication", "JexusManager.Features.Authentication\JexusManager.Features.Authentication.csproj", "{AA7CCFC5-B695-4773-BA79-77CF6C36908F}"
EndProject
Project("{9A19103F-16F7-4668-BE54-9A1E7A4F7556}") = "JexusManager.Features.Authorization", "JexusManager.Features.Authorization\JexusManager.Features.Authorization.csproj", "{FEFD62BE-AA83-42B9-A79D-2DF0150F4F81}"
EndProject
Project("{9A19103F-16F7-4668-BE54-9A1E7A4F7556}") = "JexusManager.Features.Caching", "JexusManager.Features.Caching\JexusManager.Features.Caching.csproj", "{30A30352-CA83-446E-8AF8-598EA7397988}"
EndProject
Project("{9A19103F-16F7-4668-BE54-9A1E7A4F7556}") = "JexusManager.Features.Certificates", "JexusManager.Features.Certificates\JexusManager.Features.Certificates.csproj", "{D37CF28B-10F1-4F28-B933-C5E18D7F09AA}"
EndProject
Project("{9A19103F-16F7-4668-BE54-9A1E7A4F7556}") = "JexusManager.Features.Cgi", "JexusManager.Features.Cgi\JexusManager.Features.Cgi.csproj", "{0ADF28C5-377F-4AA3-B732-AA8C8AEEBB16}"
EndProject
Project("{9A19103F-16F7-4668-BE54-9A1E7A4F7556}") = "JexusManager.Features.Compression", "JexusManager.Features.Compression\JexusManager.Features.Compression.csproj", "{CD9A8535-A6B1-46BB-8ACB-73D5E393147E}"
EndProject
Project("{9A19103F-16F7-4668-BE54-9A1E7A4F7556}") = "JexusManager.Features.DefaultDocument", "JexusManager.Features.DefaultDocument\JexusManager.Features.DefaultDocument.csproj", "{1E54F67A-3538-4F8D-B2EE-5DA6A821A528}"
EndProject
Project("{9A19103F-16F7-4668-BE54-9A1E7A4F7556}") = "JexusManager.Features.DirectoryBrowse", "JexusManager.Features.DirectoryBrowse\JexusManager.Features.DirectoryBrowse.csproj", "{5FB94CD1-AF29-4396-A27F-891243F12E8C}"
EndProject
Project("{9A19103F-16F7-4668-BE54-9A1E7A4F7556}") = "JexusManager.Features.FastCgi", "JexusManager.Features.FastCgi\JexusManager.Features.FastCgi.csproj", "{AA816B3F-8B23-4440-A276-898958204A6D}"
EndProject
Project("{9A19103F-16F7-4668-BE54-9A1E7A4F7556}") = "JexusManager.Features.Handlers", "JexusManager.Features.Handlers\JexusManager.Features.Handlers.csproj", "{BD450763-248D-4117-9AF0-51A625667B61}"
EndProject
Project("{9A19103F-16F7-4668-BE54-9A1E7A4F7556}") = "JexusManager.Features.Modules", "JexusManager.Features.Modules\JexusManager.Features.Modules.csproj", "{8BFAB6BC-57C1-44FC-88E2-B3CE5B75BE9F}"
EndProject
Project("{9A19103F-16F7-4668-BE54-9A1E7A4F7556}") = "JexusManager.Features.HttpApi", "JexusManager.Features.HttpApi\JexusManager.Features.HttpApi.csproj", "{2B03E7FE-3DBD-4914-AD8C-4CB7007A9EED}"
EndProject
Project("{9A19103F-16F7-4668-BE54-9A1E7A4F7556}") = "JexusManager.Features.HttpErrors", "JexusManager.Features.HttpErrors\JexusManager.Features.HttpErrors.csproj", "{76F1FA9F-3E56-4D5C-9324-D69DB260EFA9}"
EndProject
Project("{9A19103F-16F7-4668-BE54-9A1E7A4F7556}") = "JexusManager.Features.HttpRedirect", "JexusManager.Features.HttpRedirect\JexusManager.Features.HttpRedirect.csproj", "{C0C1DDE1-6447-4D3E-BC1A-F62CABBDBB53}"
EndProject
Project("{9A19103F-16F7-4668-BE54-9A1E7A4F7556}") = "JexusManager.Features.IpSecurity", "JexusManager.Features.IpSecurity\JexusManager.Features.IpSecurity.csproj", "{361E2F47-289F-480F-B976-A6E3F7D96EDC}"
EndProject
Project("{9A19103F-16F7-4668-BE54-9A1E7A4F7556}") = "JexusManager.Features.IsapiCgiRestriction", "JexusManager.Features.IsapiCgiRestriction\JexusManager.Features.IsapiCgiRestriction.csproj", "{1571B862-8CD9-4314-9CCF-B1339D50298B}"
EndProject
Project("{9A19103F-16F7-4668-BE54-9A1E7A4F7556}") = "JexusManager.Features.IsapiFilters", "JexusManager.Features.IsapiFilters\JexusManager.Features.IsapiFilters.csproj", "{DBA682A8-0579-4F41-A852-18235A9A4A93}"
EndProject
Project("{9A19103F-16F7-4668-BE54-9A1E7A4F7556}") = "JexusManager.Features.Jexus", "JexusManager.Features.Jexus\JexusManager.Features.Jexus.csproj", "{EA333EE8-6551-4B5B-A733-119C5560608D}"
EndProject
Project("{9A19103F-16F7-4668-BE54-9A1E7A4F7556}") = "JexusManager.Features.Logging", "JexusManager.Features.Logging\JexusManager.Features.Logging.csproj", "{5C2AE18D-D829-481B-8FCA-8AD0F69E68C8}"
EndProject
Project("{9A19103F-16F7-4668-BE54-9A1E7A4F7556}") = "JexusManager.Features.MimeMap", "JexusManager.Features.MimeMap\JexusManager.Features.MimeMap.csproj", "{FD1A63C6-458F-496B-9923-80ECA082C7EC}"
EndProject
Project("{9A19103F-16F7-4668-BE54-9A1E7A4F7556}") = "JexusManager.Features.RequestFiltering", "JexusManager.Features.RequestFiltering\JexusManager.Features.RequestFiltering.csproj", "{56D44318-5979-4FC5-9F01-4D7F78709A0E}"
EndProject
Project("{9A19103F-16F7-4668-BE54-9A1E7A4F7556}") = "JexusManager.Features.Rewrite", "JexusManager.Features.Rewrite\JexusManager.Features.Rewrite.csproj", "{425CEE66-72B3-42C0-989C-685B28B05230}"
EndProject
Project("{9A19103F-16F7-4668-BE54-9A1E7A4F7556}") = "JexusManager.Features.ResponseHeaders", "JexusManager.Features.ResponseHeaders\JexusManager.Features.ResponseHeaders.csproj", "{7184AE3D-12D2-444D-B75A-2589F66E6B54}"
EndProject
Project("{9A19103F-16F7-4668-BE54-9A1E7A4F7556}") = "Microsoft.Web.Administration", "Microsoft.Web.Administration\Microsoft.Web.Administration.csproj", "{BD24AFDA-292F-4F41-BA80-C48F21D4D9F2}"
EndProject
Project("{FAE04EC0-301F-11D3-BF4B-00C04F79EFBC}") = "Tests.IIS", "Tests.IIS\Tests.IIS.csproj", "{4BB387EE-FE05-4215-AEA4-F7BECABBB9A9}"
EndProject
Project("{9A19103F-16F7-4668-BE54-9A1E7A4F7556}") = "Tests", "Tests\Tests.csproj", "{763C6B9C-29E4-4638-965B-7E49041A6B41}"
EndProject
Project("{9A19103F-16F7-4668-BE54-9A1E7A4F7556}") = "JexusManager.Features.Asp", "JexusManager.Features.Asp\JexusManager.Features.Asp.csproj", "{7FAAFA3B-A3E7-4339-A69F-102177FD5097}"
EndProject
Project("{9A19103F-16F7-4668-BE54-9A1E7A4F7556}") = "JexusManager.Features.TraceFailedRequests", "JexusManager.Features.TraceFailedRequests\JexusManager.Features.TraceFailedRequests.csproj", "{EB518EB5-2DFC-430B-90F8-D87124BE17DE}"
EndProject
Global
	GlobalSection(SolutionConfigurationPlatforms) = preSolution
		Debug|Any CPU = Debug|Any CPU
		Release|Any CPU = Release|Any CPU
	EndGlobalSection
	GlobalSection(ProjectConfigurationPlatforms) = postSolution
		{5203A38D-6A1D-4785-8E83-54081AD2ADAA}.Debug|Any CPU.ActiveCfg = Debug|Any CPU
		{5203A38D-6A1D-4785-8E83-54081AD2ADAA}.Debug|Any CPU.Build.0 = Debug|Any CPU
		{5203A38D-6A1D-4785-8E83-54081AD2ADAA}.Release|Any CPU.ActiveCfg = Release|Any CPU
		{5203A38D-6A1D-4785-8E83-54081AD2ADAA}.Release|Any CPU.Build.0 = Release|Any CPU
		{17E994B0-5A31-4F79-9796-83A45E87853D}.Debug|Any CPU.ActiveCfg = Debug|Any CPU
		{17E994B0-5A31-4F79-9796-83A45E87853D}.Debug|Any CPU.Build.0 = Debug|Any CPU
		{17E994B0-5A31-4F79-9796-83A45E87853D}.Release|Any CPU.ActiveCfg = Release|Any CPU
		{17E994B0-5A31-4F79-9796-83A45E87853D}.Release|Any CPU.Build.0 = Release|Any CPU
		{E4DAB2F5-AF63-413C-886A-09BC4353ADB6}.Debug|Any CPU.ActiveCfg = Debug|Any CPU
		{E4DAB2F5-AF63-413C-886A-09BC4353ADB6}.Debug|Any CPU.Build.0 = Debug|Any CPU
		{E4DAB2F5-AF63-413C-886A-09BC4353ADB6}.Release|Any CPU.ActiveCfg = Release|Any CPU
		{E4DAB2F5-AF63-413C-886A-09BC4353ADB6}.Release|Any CPU.Build.0 = Release|Any CPU
		{70A25201-8EA4-48F8-A4A6-ED13ADF8823C}.Debug|Any CPU.ActiveCfg = Debug|Any CPU
		{70A25201-8EA4-48F8-A4A6-ED13ADF8823C}.Debug|Any CPU.Build.0 = Debug|Any CPU
		{70A25201-8EA4-48F8-A4A6-ED13ADF8823C}.Release|Any CPU.ActiveCfg = Release|Any CPU
		{70A25201-8EA4-48F8-A4A6-ED13ADF8823C}.Release|Any CPU.Build.0 = Release|Any CPU
		{54BEC09A-B32F-4A66-A871-749E0621D822}.Debug|Any CPU.ActiveCfg = Debug|Any CPU
		{54BEC09A-B32F-4A66-A871-749E0621D822}.Debug|Any CPU.Build.0 = Debug|Any CPU
		{54BEC09A-B32F-4A66-A871-749E0621D822}.Release|Any CPU.ActiveCfg = Release|Any CPU
		{54BEC09A-B32F-4A66-A871-749E0621D822}.Release|Any CPU.Build.0 = Release|Any CPU
		{AEF03715-1847-4BA7-BFDC-7D3E738E552C}.Debug|Any CPU.ActiveCfg = Debug|Any CPU
		{AEF03715-1847-4BA7-BFDC-7D3E738E552C}.Debug|Any CPU.Build.0 = Debug|Any CPU
		{AEF03715-1847-4BA7-BFDC-7D3E738E552C}.Release|Any CPU.ActiveCfg = Release|Any CPU
		{AEF03715-1847-4BA7-BFDC-7D3E738E552C}.Release|Any CPU.Build.0 = Release|Any CPU
		{E4040A45-B156-4048-B1A4-BD262BA18047}.Debug|Any CPU.ActiveCfg = Debug|Any CPU
		{E4040A45-B156-4048-B1A4-BD262BA18047}.Debug|Any CPU.Build.0 = Debug|Any CPU
		{E4040A45-B156-4048-B1A4-BD262BA18047}.Release|Any CPU.ActiveCfg = Release|Any CPU
		{E4040A45-B156-4048-B1A4-BD262BA18047}.Release|Any CPU.Build.0 = Release|Any CPU
		{B756B3A0-CFC8-4E71-A95A-0E9DC2A8D0C9}.Debug|Any CPU.ActiveCfg = Debug|Any CPU
		{B756B3A0-CFC8-4E71-A95A-0E9DC2A8D0C9}.Debug|Any CPU.Build.0 = Debug|Any CPU
		{B756B3A0-CFC8-4E71-A95A-0E9DC2A8D0C9}.Release|Any CPU.ActiveCfg = Release|Any CPU
		{B756B3A0-CFC8-4E71-A95A-0E9DC2A8D0C9}.Release|Any CPU.Build.0 = Release|Any CPU
		{AA7CCFC5-B695-4773-BA79-77CF6C36908F}.Debug|Any CPU.ActiveCfg = Debug|Any CPU
		{AA7CCFC5-B695-4773-BA79-77CF6C36908F}.Debug|Any CPU.Build.0 = Debug|Any CPU
		{AA7CCFC5-B695-4773-BA79-77CF6C36908F}.Release|Any CPU.ActiveCfg = Release|Any CPU
		{AA7CCFC5-B695-4773-BA79-77CF6C36908F}.Release|Any CPU.Build.0 = Release|Any CPU
		{FEFD62BE-AA83-42B9-A79D-2DF0150F4F81}.Debug|Any CPU.ActiveCfg = Debug|Any CPU
		{FEFD62BE-AA83-42B9-A79D-2DF0150F4F81}.Debug|Any CPU.Build.0 = Debug|Any CPU
		{FEFD62BE-AA83-42B9-A79D-2DF0150F4F81}.Release|Any CPU.ActiveCfg = Release|Any CPU
		{FEFD62BE-AA83-42B9-A79D-2DF0150F4F81}.Release|Any CPU.Build.0 = Release|Any CPU
		{30A30352-CA83-446E-8AF8-598EA7397988}.Debug|Any CPU.ActiveCfg = Debug|Any CPU
		{30A30352-CA83-446E-8AF8-598EA7397988}.Debug|Any CPU.Build.0 = Debug|Any CPU
		{30A30352-CA83-446E-8AF8-598EA7397988}.Release|Any CPU.ActiveCfg = Release|Any CPU
		{30A30352-CA83-446E-8AF8-598EA7397988}.Release|Any CPU.Build.0 = Release|Any CPU
		{D37CF28B-10F1-4F28-B933-C5E18D7F09AA}.Debug|Any CPU.ActiveCfg = Debug|Any CPU
		{D37CF28B-10F1-4F28-B933-C5E18D7F09AA}.Debug|Any CPU.Build.0 = Debug|Any CPU
		{D37CF28B-10F1-4F28-B933-C5E18D7F09AA}.Release|Any CPU.ActiveCfg = Release|Any CPU
		{D37CF28B-10F1-4F28-B933-C5E18D7F09AA}.Release|Any CPU.Build.0 = Release|Any CPU
		{0ADF28C5-377F-4AA3-B732-AA8C8AEEBB16}.Debug|Any CPU.ActiveCfg = Debug|Any CPU
		{0ADF28C5-377F-4AA3-B732-AA8C8AEEBB16}.Debug|Any CPU.Build.0 = Debug|Any CPU
		{0ADF28C5-377F-4AA3-B732-AA8C8AEEBB16}.Release|Any CPU.ActiveCfg = Release|Any CPU
		{0ADF28C5-377F-4AA3-B732-AA8C8AEEBB16}.Release|Any CPU.Build.0 = Release|Any CPU
		{CD9A8535-A6B1-46BB-8ACB-73D5E393147E}.Debug|Any CPU.ActiveCfg = Debug|Any CPU
		{CD9A8535-A6B1-46BB-8ACB-73D5E393147E}.Debug|Any CPU.Build.0 = Debug|Any CPU
		{CD9A8535-A6B1-46BB-8ACB-73D5E393147E}.Release|Any CPU.ActiveCfg = Release|Any CPU
		{CD9A8535-A6B1-46BB-8ACB-73D5E393147E}.Release|Any CPU.Build.0 = Release|Any CPU
		{1E54F67A-3538-4F8D-B2EE-5DA6A821A528}.Debug|Any CPU.ActiveCfg = Debug|Any CPU
		{1E54F67A-3538-4F8D-B2EE-5DA6A821A528}.Debug|Any CPU.Build.0 = Debug|Any CPU
		{1E54F67A-3538-4F8D-B2EE-5DA6A821A528}.Release|Any CPU.ActiveCfg = Release|Any CPU
		{1E54F67A-3538-4F8D-B2EE-5DA6A821A528}.Release|Any CPU.Build.0 = Release|Any CPU
		{5FB94CD1-AF29-4396-A27F-891243F12E8C}.Debug|Any CPU.ActiveCfg = Debug|Any CPU
		{5FB94CD1-AF29-4396-A27F-891243F12E8C}.Debug|Any CPU.Build.0 = Debug|Any CPU
		{5FB94CD1-AF29-4396-A27F-891243F12E8C}.Release|Any CPU.ActiveCfg = Release|Any CPU
		{5FB94CD1-AF29-4396-A27F-891243F12E8C}.Release|Any CPU.Build.0 = Release|Any CPU
		{AA816B3F-8B23-4440-A276-898958204A6D}.Debug|Any CPU.ActiveCfg = Debug|Any CPU
		{AA816B3F-8B23-4440-A276-898958204A6D}.Debug|Any CPU.Build.0 = Debug|Any CPU
		{AA816B3F-8B23-4440-A276-898958204A6D}.Release|Any CPU.ActiveCfg = Release|Any CPU
		{AA816B3F-8B23-4440-A276-898958204A6D}.Release|Any CPU.Build.0 = Release|Any CPU
		{BD450763-248D-4117-9AF0-51A625667B61}.Debug|Any CPU.ActiveCfg = Debug|Any CPU
		{BD450763-248D-4117-9AF0-51A625667B61}.Debug|Any CPU.Build.0 = Debug|Any CPU
		{BD450763-248D-4117-9AF0-51A625667B61}.Release|Any CPU.ActiveCfg = Release|Any CPU
		{BD450763-248D-4117-9AF0-51A625667B61}.Release|Any CPU.Build.0 = Release|Any CPU
		{8BFAB6BC-57C1-44FC-88E2-B3CE5B75BE9F}.Debug|Any CPU.ActiveCfg = Debug|Any CPU
		{8BFAB6BC-57C1-44FC-88E2-B3CE5B75BE9F}.Debug|Any CPU.Build.0 = Debug|Any CPU
		{8BFAB6BC-57C1-44FC-88E2-B3CE5B75BE9F}.Release|Any CPU.ActiveCfg = Release|Any CPU
		{8BFAB6BC-57C1-44FC-88E2-B3CE5B75BE9F}.Release|Any CPU.Build.0 = Release|Any CPU
		{2B03E7FE-3DBD-4914-AD8C-4CB7007A9EED}.Debug|Any CPU.ActiveCfg = Debug|Any CPU
		{2B03E7FE-3DBD-4914-AD8C-4CB7007A9EED}.Debug|Any CPU.Build.0 = Debug|Any CPU
		{2B03E7FE-3DBD-4914-AD8C-4CB7007A9EED}.Release|Any CPU.ActiveCfg = Release|Any CPU
		{2B03E7FE-3DBD-4914-AD8C-4CB7007A9EED}.Release|Any CPU.Build.0 = Release|Any CPU
		{76F1FA9F-3E56-4D5C-9324-D69DB260EFA9}.Debug|Any CPU.ActiveCfg = Debug|Any CPU
		{76F1FA9F-3E56-4D5C-9324-D69DB260EFA9}.Debug|Any CPU.Build.0 = Debug|Any CPU
		{76F1FA9F-3E56-4D5C-9324-D69DB260EFA9}.Release|Any CPU.ActiveCfg = Release|Any CPU
		{76F1FA9F-3E56-4D5C-9324-D69DB260EFA9}.Release|Any CPU.Build.0 = Release|Any CPU
		{C0C1DDE1-6447-4D3E-BC1A-F62CABBDBB53}.Debug|Any CPU.ActiveCfg = Debug|Any CPU
		{C0C1DDE1-6447-4D3E-BC1A-F62CABBDBB53}.Debug|Any CPU.Build.0 = Debug|Any CPU
		{C0C1DDE1-6447-4D3E-BC1A-F62CABBDBB53}.Release|Any CPU.ActiveCfg = Release|Any CPU
		{C0C1DDE1-6447-4D3E-BC1A-F62CABBDBB53}.Release|Any CPU.Build.0 = Release|Any CPU
		{361E2F47-289F-480F-B976-A6E3F7D96EDC}.Debug|Any CPU.ActiveCfg = Debug|Any CPU
		{361E2F47-289F-480F-B976-A6E3F7D96EDC}.Debug|Any CPU.Build.0 = Debug|Any CPU
		{361E2F47-289F-480F-B976-A6E3F7D96EDC}.Release|Any CPU.ActiveCfg = Release|Any CPU
		{361E2F47-289F-480F-B976-A6E3F7D96EDC}.Release|Any CPU.Build.0 = Release|Any CPU
		{1571B862-8CD9-4314-9CCF-B1339D50298B}.Debug|Any CPU.ActiveCfg = Debug|Any CPU
		{1571B862-8CD9-4314-9CCF-B1339D50298B}.Debug|Any CPU.Build.0 = Debug|Any CPU
		{1571B862-8CD9-4314-9CCF-B1339D50298B}.Release|Any CPU.ActiveCfg = Release|Any CPU
		{1571B862-8CD9-4314-9CCF-B1339D50298B}.Release|Any CPU.Build.0 = Release|Any CPU
		{DBA682A8-0579-4F41-A852-18235A9A4A93}.Debug|Any CPU.ActiveCfg = Debug|Any CPU
		{DBA682A8-0579-4F41-A852-18235A9A4A93}.Debug|Any CPU.Build.0 = Debug|Any CPU
		{DBA682A8-0579-4F41-A852-18235A9A4A93}.Release|Any CPU.ActiveCfg = Release|Any CPU
		{DBA682A8-0579-4F41-A852-18235A9A4A93}.Release|Any CPU.Build.0 = Release|Any CPU
		{EA333EE8-6551-4B5B-A733-119C5560608D}.Debug|Any CPU.ActiveCfg = Debug|Any CPU
		{EA333EE8-6551-4B5B-A733-119C5560608D}.Debug|Any CPU.Build.0 = Debug|Any CPU
		{EA333EE8-6551-4B5B-A733-119C5560608D}.Release|Any CPU.ActiveCfg = Release|Any CPU
		{EA333EE8-6551-4B5B-A733-119C5560608D}.Release|Any CPU.Build.0 = Release|Any CPU
		{5C2AE18D-D829-481B-8FCA-8AD0F69E68C8}.Debug|Any CPU.ActiveCfg = Debug|Any CPU
		{5C2AE18D-D829-481B-8FCA-8AD0F69E68C8}.Debug|Any CPU.Build.0 = Debug|Any CPU
		{5C2AE18D-D829-481B-8FCA-8AD0F69E68C8}.Release|Any CPU.ActiveCfg = Release|Any CPU
		{5C2AE18D-D829-481B-8FCA-8AD0F69E68C8}.Release|Any CPU.Build.0 = Release|Any CPU
		{FD1A63C6-458F-496B-9923-80ECA082C7EC}.Debug|Any CPU.ActiveCfg = Debug|Any CPU
		{FD1A63C6-458F-496B-9923-80ECA082C7EC}.Debug|Any CPU.Build.0 = Debug|Any CPU
		{FD1A63C6-458F-496B-9923-80ECA082C7EC}.Release|Any CPU.ActiveCfg = Release|Any CPU
		{FD1A63C6-458F-496B-9923-80ECA082C7EC}.Release|Any CPU.Build.0 = Release|Any CPU
		{56D44318-5979-4FC5-9F01-4D7F78709A0E}.Debug|Any CPU.ActiveCfg = Debug|Any CPU
		{56D44318-5979-4FC5-9F01-4D7F78709A0E}.Debug|Any CPU.Build.0 = Debug|Any CPU
		{56D44318-5979-4FC5-9F01-4D7F78709A0E}.Release|Any CPU.ActiveCfg = Release|Any CPU
		{56D44318-5979-4FC5-9F01-4D7F78709A0E}.Release|Any CPU.Build.0 = Release|Any CPU
		{425CEE66-72B3-42C0-989C-685B28B05230}.Debug|Any CPU.ActiveCfg = Debug|Any CPU
		{425CEE66-72B3-42C0-989C-685B28B05230}.Debug|Any CPU.Build.0 = Debug|Any CPU
		{425CEE66-72B3-42C0-989C-685B28B05230}.Release|Any CPU.ActiveCfg = Release|Any CPU
		{425CEE66-72B3-42C0-989C-685B28B05230}.Release|Any CPU.Build.0 = Release|Any CPU
		{7184AE3D-12D2-444D-B75A-2589F66E6B54}.Debug|Any CPU.ActiveCfg = Debug|Any CPU
		{7184AE3D-12D2-444D-B75A-2589F66E6B54}.Debug|Any CPU.Build.0 = Debug|Any CPU
		{7184AE3D-12D2-444D-B75A-2589F66E6B54}.Release|Any CPU.ActiveCfg = Release|Any CPU
		{7184AE3D-12D2-444D-B75A-2589F66E6B54}.Release|Any CPU.Build.0 = Release|Any CPU
		{BD24AFDA-292F-4F41-BA80-C48F21D4D9F2}.Debug|Any CPU.ActiveCfg = Debug|Any CPU
		{BD24AFDA-292F-4F41-BA80-C48F21D4D9F2}.Debug|Any CPU.Build.0 = Debug|Any CPU
		{BD24AFDA-292F-4F41-BA80-C48F21D4D9F2}.Release|Any CPU.ActiveCfg = Release|Any CPU
		{BD24AFDA-292F-4F41-BA80-C48F21D4D9F2}.Release|Any CPU.Build.0 = Release|Any CPU
		{4BB387EE-FE05-4215-AEA4-F7BECABBB9A9}.Debug|Any CPU.ActiveCfg = Debug|Any CPU
		{4BB387EE-FE05-4215-AEA4-F7BECABBB9A9}.Debug|Any CPU.Build.0 = Debug|Any CPU
		{4BB387EE-FE05-4215-AEA4-F7BECABBB9A9}.Release|Any CPU.ActiveCfg = Release|Any CPU
		{4BB387EE-FE05-4215-AEA4-F7BECABBB9A9}.Release|Any CPU.Build.0 = Release|Any CPU
		{763C6B9C-29E4-4638-965B-7E49041A6B41}.Debug|Any CPU.ActiveCfg = Debug|Any CPU
		{763C6B9C-29E4-4638-965B-7E49041A6B41}.Debug|Any CPU.Build.0 = Debug|Any CPU
		{763C6B9C-29E4-4638-965B-7E49041A6B41}.Release|Any CPU.ActiveCfg = Release|Any CPU
		{763C6B9C-29E4-4638-965B-7E49041A6B41}.Release|Any CPU.Build.0 = Release|Any CPU
		{7FAAFA3B-A3E7-4339-A69F-102177FD5097}.Debug|Any CPU.ActiveCfg = Debug|Any CPU
		{7FAAFA3B-A3E7-4339-A69F-102177FD5097}.Debug|Any CPU.Build.0 = Debug|Any CPU
		{7FAAFA3B-A3E7-4339-A69F-102177FD5097}.Release|Any CPU.ActiveCfg = Release|Any CPU
		{7FAAFA3B-A3E7-4339-A69F-102177FD5097}.Release|Any CPU.Build.0 = Release|Any CPU
		{EB518EB5-2DFC-430B-90F8-D87124BE17DE}.Debug|Any CPU.ActiveCfg = Debug|Any CPU
		{EB518EB5-2DFC-430B-90F8-D87124BE17DE}.Debug|Any CPU.Build.0 = Debug|Any CPU
		{EB518EB5-2DFC-430B-90F8-D87124BE17DE}.Release|Any CPU.ActiveCfg = Release|Any CPU
		{EB518EB5-2DFC-430B-90F8-D87124BE17DE}.Release|Any CPU.Build.0 = Release|Any CPU
	EndGlobalSection
	GlobalSection(SolutionProperties) = preSolution
		HideSolutionNode = FALSE
	EndGlobalSection
	GlobalSection(NestedProjects) = preSolution
		{70A25201-8EA4-48F8-A4A6-ED13ADF8823C} = {678654EE-C2A2-49A5-ACE3-ECB31288C2F7}
		{B756B3A0-CFC8-4E71-A95A-0E9DC2A8D0C9} = {02EA3ED9-4B28-4CD2-9461-00111A75D6F7}
		{AA7CCFC5-B695-4773-BA79-77CF6C36908F} = {02EA3ED9-4B28-4CD2-9461-00111A75D6F7}
		{FEFD62BE-AA83-42B9-A79D-2DF0150F4F81} = {02EA3ED9-4B28-4CD2-9461-00111A75D6F7}
		{30A30352-CA83-446E-8AF8-598EA7397988} = {02EA3ED9-4B28-4CD2-9461-00111A75D6F7}
		{D37CF28B-10F1-4F28-B933-C5E18D7F09AA} = {02EA3ED9-4B28-4CD2-9461-00111A75D6F7}
		{0ADF28C5-377F-4AA3-B732-AA8C8AEEBB16} = {02EA3ED9-4B28-4CD2-9461-00111A75D6F7}
		{CD9A8535-A6B1-46BB-8ACB-73D5E393147E} = {02EA3ED9-4B28-4CD2-9461-00111A75D6F7}
		{1E54F67A-3538-4F8D-B2EE-5DA6A821A528} = {02EA3ED9-4B28-4CD2-9461-00111A75D6F7}
		{5FB94CD1-AF29-4396-A27F-891243F12E8C} = {02EA3ED9-4B28-4CD2-9461-00111A75D6F7}
		{AA816B3F-8B23-4440-A276-898958204A6D} = {02EA3ED9-4B28-4CD2-9461-00111A75D6F7}
		{BD450763-248D-4117-9AF0-51A625667B61} = {02EA3ED9-4B28-4CD2-9461-00111A75D6F7}
		{8BFAB6BC-57C1-44FC-88E2-B3CE5B75BE9F} = {02EA3ED9-4B28-4CD2-9461-00111A75D6F7}
		{2B03E7FE-3DBD-4914-AD8C-4CB7007A9EED} = {02EA3ED9-4B28-4CD2-9461-00111A75D6F7}
		{76F1FA9F-3E56-4D5C-9324-D69DB260EFA9} = {02EA3ED9-4B28-4CD2-9461-00111A75D6F7}
		{C0C1DDE1-6447-4D3E-BC1A-F62CABBDBB53} = {02EA3ED9-4B28-4CD2-9461-00111A75D6F7}
		{361E2F47-289F-480F-B976-A6E3F7D96EDC} = {02EA3ED9-4B28-4CD2-9461-00111A75D6F7}
		{1571B862-8CD9-4314-9CCF-B1339D50298B} = {02EA3ED9-4B28-4CD2-9461-00111A75D6F7}
		{DBA682A8-0579-4F41-A852-18235A9A4A93} = {02EA3ED9-4B28-4CD2-9461-00111A75D6F7}
		{EA333EE8-6551-4B5B-A733-119C5560608D} = {02EA3ED9-4B28-4CD2-9461-00111A75D6F7}
		{5C2AE18D-D829-481B-8FCA-8AD0F69E68C8} = {02EA3ED9-4B28-4CD2-9461-00111A75D6F7}
		{FD1A63C6-458F-496B-9923-80ECA082C7EC} = {02EA3ED9-4B28-4CD2-9461-00111A75D6F7}
		{56D44318-5979-4FC5-9F01-4D7F78709A0E} = {02EA3ED9-4B28-4CD2-9461-00111A75D6F7}
		{425CEE66-72B3-42C0-989C-685B28B05230} = {02EA3ED9-4B28-4CD2-9461-00111A75D6F7}
		{7184AE3D-12D2-444D-B75A-2589F66E6B54} = {02EA3ED9-4B28-4CD2-9461-00111A75D6F7}
		{7FAAFA3B-A3E7-4339-A69F-102177FD5097} = {02EA3ED9-4B28-4CD2-9461-00111A75D6F7}
		{EB518EB5-2DFC-430B-90F8-D87124BE17DE} = {02EA3ED9-4B28-4CD2-9461-00111A75D6F7}
	EndGlobalSection
	GlobalSection(ExtensibilityGlobals) = postSolution
		SolutionGuid = {7363EF70-243E-4614-9C23-FCF14D370A8A}
	EndGlobalSection
EndGlobal
