
Microsoft Visual Studio Solution File, Format Version 11.00
# Visual Studio 2010
# SharpDevelop 5.1
Project("{CFEE4113-1246-4D54-95CB-156813CB8593}") = "JexusManager", "JexusManager.wixproj", "{7F2FD5EF-4973-4288-95DD-10A175D691BF}"
EndProject
Global
	GlobalSection(SolutionConfigurationPlatforms) = preSolution
		Debug|Any CPU = Debug|Any CPU
		Release|Any CPU = Release|Any CPU
	EndGlobalSection
	GlobalSection(ProjectConfigurationPlatforms) = postSolution
		{7F2FD5EF-4973-4288-95DD-10A175D691BF}.Debug|Any CPU.ActiveCfg = Debug|x86
		{7F2FD5EF-4973-4288-95DD-10A175D691BF}.Debug|Any CPU.Build.0 = Debug|x86
		{7F2FD5EF-4973-4288-95DD-10A175D691BF}.Release|Any CPU.ActiveCfg = Release|Any CPU
		{7F2FD5EF-4973-4288-95DD-10A175D691BF}.Release|Any CPU.Build.0 = Release|Any CPU
	EndGlobalSection
EndGlobal
